// !$*UTF8*$!
{
	archiveVersion = 1;
	classes = {
	};
	objectVersion = 50;
	objects = {

/* Begin PBXBuildFile section */
		464FCB0D83D6C0895655137E /* Pods_ToGetTests.framework in Frameworks */ = {isa = PBXBuildFile; fileRef = C4FFBB1AFF352033938CADAF /* Pods_ToGetTests.framework */; };
		4F3903DA7A51D8340CC3B4F7 /* Pods_ToGet.framework in Frameworks */ = {isa = PBXBuildFile; fileRef = 65BB40BC0A826A546BF19473 /* Pods_ToGet.framework */; };
		693149FE22335D7000045EEE /* ViewController.swift in Sources */ = {isa = PBXBuildFile; fileRef = 693149FD22335D7000045EEE /* ViewController.swift */; };
		69314A3E2233A8DC00045EEE /* CheckViewController.swift in Sources */ = {isa = PBXBuildFile; fileRef = 69314A3D2233A8DC00045EEE /* CheckViewController.swift */; };
		69314A612234CAD200045EEE /* テキスト.png in Resources */ = {isa = PBXBuildFile; fileRef = 69314A582234CAD100045EEE /* テキスト.png */; };
		69314A622234CAD200045EEE /* ダウンロード.png in Resources */ = {isa = PBXBuildFile; fileRef = 69314A592234CAD100045EEE /* ダウンロード.png */; };
		69314A632234CAD200045EEE /* チェックボックスのフリーアイコン.png in Resources */ = {isa = PBXBuildFile; fileRef = 69314A5A2234CAD100045EEE /* チェックボックスのフリーアイコン.png */; };
		69314A642234CAD200045EEE /* セーブ.png in Resources */ = {isa = PBXBuildFile; fileRef = 69314A5B2234CAD200045EEE /* セーブ.png */; };
		69314A652234CAD200045EEE /* 目オフ.png in Resources */ = {isa = PBXBuildFile; fileRef = 69314A5C2234CAD200045EEE /* 目オフ.png */; };
		69314A662234CAD200045EEE /* 光.png in Resources */ = {isa = PBXBuildFile; fileRef = 69314A5D2234CAD200045EEE /* 光.png */; };
		69314A672234CAD200045EEE /* チェック.png in Resources */ = {isa = PBXBuildFile; fileRef = 69314A5E2234CAD200045EEE /* チェック.png */; };
		69314A682234CAD200045EEE /* 目.png in Resources */ = {isa = PBXBuildFile; fileRef = 69314A5F2234CAD200045EEE /* 目.png */; };
		69314A692234CAD200045EEE /* チェックシートのアイコン.png in Resources */ = {isa = PBXBuildFile; fileRef = 69314A602234CAD200045EEE /* チェックシートのアイコン.png */; };
		698A81082224CA4D00A37E02 /* AppDelegate.swift in Sources */ = {isa = PBXBuildFile; fileRef = 698A81072224CA4D00A37E02 /* AppDelegate.swift */; };
		698A810D2224CA4D00A37E02 /* Main.storyboard in Resources */ = {isa = PBXBuildFile; fileRef = 698A810B2224CA4D00A37E02 /* Main.storyboard */; };
		698A810F2224CA5300A37E02 /* Assets.xcassets in Resources */ = {isa = PBXBuildFile; fileRef = 698A810E2224CA5300A37E02 /* Assets.xcassets */; };
		698A81122224CA5300A37E02 /* LaunchScreen.storyboard in Resources */ = {isa = PBXBuildFile; fileRef = 698A81102224CA5300A37E02 /* LaunchScreen.storyboard */; };
		698A811D2224CA5400A37E02 /* ToGetTests.swift in Sources */ = {isa = PBXBuildFile; fileRef = 698A811C2224CA5400A37E02 /* ToGetTests.swift */; };
		698A81282224CA5400A37E02 /* ToGetUITests.swift in Sources */ = {isa = PBXBuildFile; fileRef = 698A81272224CA5400A37E02 /* ToGetUITests.swift */; };
		698A81362224CDC800A37E02 /* WordViewController.swift in Sources */ = {isa = PBXBuildFile; fileRef = 698A81352224CDC800A37E02 /* WordViewController.swift */; };
		698A81382225866200A37E02 /* Realm.swift in Sources */ = {isa = PBXBuildFile; fileRef = 698A81372225866200A37E02 /* Realm.swift */; };
		698A813A222591A800A37E02 /* AddWordViewController.swift in Sources */ = {isa = PBXBuildFile; fileRef = 698A8139222591A800A37E02 /* AddWordViewController.swift */; };
		957C8CAAF1D98DD9A1C0F8F6 /* Pods_ToGetUITests.framework in Frameworks */ = {isa = PBXBuildFile; fileRef = EA3D993C7DDAD3A2F7B6589A /* Pods_ToGetUITests.framework */; };
/* End PBXBuildFile section */

/* Begin PBXContainerItemProxy section */
		698A81192224CA5400A37E02 /* PBXContainerItemProxy */ = {
			isa = PBXContainerItemProxy;
			containerPortal = 698A80FC2224CA4D00A37E02 /* Project object */;
			proxyType = 1;
			remoteGlobalIDString = 698A81032224CA4D00A37E02;
			remoteInfo = ToGet;
		};
		698A81242224CA5400A37E02 /* PBXContainerItemProxy */ = {
			isa = PBXContainerItemProxy;
			containerPortal = 698A80FC2224CA4D00A37E02 /* Project object */;
			proxyType = 1;
			remoteGlobalIDString = 698A81032224CA4D00A37E02;
			remoteInfo = ToGet;
		};
/* End PBXContainerItemProxy section */

/* Begin PBXFileReference section */
		01DBF98D3680539275DAA99E /* Pods-ToGetUITests.release.xcconfig */ = {isa = PBXFileReference; includeInIndex = 1; lastKnownFileType = text.xcconfig; name = "Pods-ToGetUITests.release.xcconfig"; path = "Target Support Files/Pods-ToGetUITests/Pods-ToGetUITests.release.xcconfig"; sourceTree = "<group>"; };
		2403AB7920AA62B51F212C97 /* Pods-ToGetTests.release.xcconfig */ = {isa = PBXFileReference; includeInIndex = 1; lastKnownFileType = text.xcconfig; name = "Pods-ToGetTests.release.xcconfig"; path = "Target Support Files/Pods-ToGetTests/Pods-ToGetTests.release.xcconfig"; sourceTree = "<group>"; };
		65BB40BC0A826A546BF19473 /* Pods_ToGet.framework */ = {isa = PBXFileReference; explicitFileType = wrapper.framework; includeInIndex = 0; path = Pods_ToGet.framework; sourceTree = BUILT_PRODUCTS_DIR; };
		693149FD22335D7000045EEE /* ViewController.swift */ = {isa = PBXFileReference; lastKnownFileType = sourcecode.swift; path = ViewController.swift; sourceTree = "<group>"; };
		69314A3D2233A8DC00045EEE /* CheckViewController.swift */ = {isa = PBXFileReference; lastKnownFileType = sourcecode.swift; path = CheckViewController.swift; sourceTree = "<group>"; };
		69314A582234CAD100045EEE /* テキスト.png */ = {isa = PBXFileReference; lastKnownFileType = image.png; name = "テキスト.png"; path = "../../../../アイコン/テキスト.png"; sourceTree = "<group>"; };
		69314A592234CAD100045EEE /* ダウンロード.png */ = {isa = PBXFileReference; lastKnownFileType = image.png; name = "ダウンロード.png"; path = "../../../../アイコン/ダウンロード.png"; sourceTree = "<group>"; };
		69314A5A2234CAD100045EEE /* チェックボックスのフリーアイコン.png */ = {isa = PBXFileReference; lastKnownFileType = image.png; name = "チェックボックスのフリーアイコン.png"; path = "../../../../アイコン/チェックボックスのフリーアイコン.png"; sourceTree = "<group>"; };
		69314A5B2234CAD200045EEE /* セーブ.png */ = {isa = PBXFileReference; lastKnownFileType = image.png; name = "セーブ.png"; path = "../../../../アイコン/セーブ.png"; sourceTree = "<group>"; };
		69314A5C2234CAD200045EEE /* 目オフ.png */ = {isa = PBXFileReference; lastKnownFileType = image.png; name = "目オフ.png"; path = "../../../../アイコン/目オフ.png"; sourceTree = "<group>"; };
		69314A5D2234CAD200045EEE /* 光.png */ = {isa = PBXFileReference; lastKnownFileType = image.png; name = "光.png"; path = "../../../../アイコン/光.png"; sourceTree = "<group>"; };
		69314A5E2234CAD200045EEE /* チェック.png */ = {isa = PBXFileReference; lastKnownFileType = image.png; name = "チェック.png"; path = "../../../../アイコン/チェック.png"; sourceTree = "<group>"; };
		69314A5F2234CAD200045EEE /* 目.png */ = {isa = PBXFileReference; lastKnownFileType = image.png; name = "目.png"; path = "../../../../アイコン/目.png"; sourceTree = "<group>"; };
		69314A602234CAD200045EEE /* チェックシートのアイコン.png */ = {isa = PBXFileReference; lastKnownFileType = image.png; name = "チェックシートのアイコン.png"; path = "../../../../アイコン/チェックシートのアイコン.png"; sourceTree = "<group>"; };
		698A81042224CA4D00A37E02 /* ToGet.app */ = {isa = PBXFileReference; explicitFileType = wrapper.application; includeInIndex = 0; path = ToGet.app; sourceTree = BUILT_PRODUCTS_DIR; };
		698A81072224CA4D00A37E02 /* AppDelegate.swift */ = {isa = PBXFileReference; lastKnownFileType = sourcecode.swift; path = AppDelegate.swift; sourceTree = "<group>"; };
		698A810C2224CA4D00A37E02 /* Base */ = {isa = PBXFileReference; lastKnownFileType = file.storyboard; name = Base; path = Base.lproj/Main.storyboard; sourceTree = "<group>"; };
		698A810E2224CA5300A37E02 /* Assets.xcassets */ = {isa = PBXFileReference; lastKnownFileType = folder.assetcatalog; path = Assets.xcassets; sourceTree = "<group>"; };
		698A81112224CA5300A37E02 /* Base */ = {isa = PBXFileReference; lastKnownFileType = file.storyboard; name = Base; path = Base.lproj/LaunchScreen.storyboard; sourceTree = "<group>"; };
		698A81132224CA5300A37E02 /* Info.plist */ = {isa = PBXFileReference; lastKnownFileType = text.plist.xml; path = Info.plist; sourceTree = "<group>"; };
		698A81182224CA5400A37E02 /* ToGetTests.xctest */ = {isa = PBXFileReference; explicitFileType = wrapper.cfbundle; includeInIndex = 0; path = ToGetTests.xctest; sourceTree = BUILT_PRODUCTS_DIR; };
		698A811C2224CA5400A37E02 /* ToGetTests.swift */ = {isa = PBXFileReference; lastKnownFileType = sourcecode.swift; path = ToGetTests.swift; sourceTree = "<group>"; };
		698A811E2224CA5400A37E02 /* Info.plist */ = {isa = PBXFileReference; lastKnownFileType = text.plist.xml; path = Info.plist; sourceTree = "<group>"; };
		698A81232224CA5400A37E02 /* ToGetUITests.xctest */ = {isa = PBXFileReference; explicitFileType = wrapper.cfbundle; includeInIndex = 0; path = ToGetUITests.xctest; sourceTree = BUILT_PRODUCTS_DIR; };
		698A81272224CA5400A37E02 /* ToGetUITests.swift */ = {isa = PBXFileReference; lastKnownFileType = sourcecode.swift; path = ToGetUITests.swift; sourceTree = "<group>"; };
		698A81292224CA5400A37E02 /* Info.plist */ = {isa = PBXFileReference; lastKnownFileType = text.plist.xml; path = Info.plist; sourceTree = "<group>"; };
		698A81352224CDC800A37E02 /* WordViewController.swift */ = {isa = PBXFileReference; lastKnownFileType = sourcecode.swift; path = WordViewController.swift; sourceTree = "<group>"; };
		698A81372225866200A37E02 /* Realm.swift */ = {isa = PBXFileReference; lastKnownFileType = sourcecode.swift; path = Realm.swift; sourceTree = "<group>"; };
		698A8139222591A800A37E02 /* AddWordViewController.swift */ = {isa = PBXFileReference; lastKnownFileType = sourcecode.swift; path = AddWordViewController.swift; sourceTree = "<group>"; };
		C4FFBB1AFF352033938CADAF /* Pods_ToGetTests.framework */ = {isa = PBXFileReference; explicitFileType = wrapper.framework; includeInIndex = 0; path = Pods_ToGetTests.framework; sourceTree = BUILT_PRODUCTS_DIR; };
		D7D18C2DD4FAD2ABD318FDE5 /* Pods-ToGet.debug.xcconfig */ = {isa = PBXFileReference; includeInIndex = 1; lastKnownFileType = text.xcconfig; name = "Pods-ToGet.debug.xcconfig"; path = "Target Support Files/Pods-ToGet/Pods-ToGet.debug.xcconfig"; sourceTree = "<group>"; };
		DB220B12C1E62CDE139F0B12 /* Pods-ToGetUITests.debug.xcconfig */ = {isa = PBXFileReference; includeInIndex = 1; lastKnownFileType = text.xcconfig; name = "Pods-ToGetUITests.debug.xcconfig"; path = "Target Support Files/Pods-ToGetUITests/Pods-ToGetUITests.debug.xcconfig"; sourceTree = "<group>"; };
		DE5E33424DB02B86BAA421C8 /* Pods-ToGet.release.xcconfig */ = {isa = PBXFileReference; includeInIndex = 1; lastKnownFileType = text.xcconfig; name = "Pods-ToGet.release.xcconfig"; path = "Target Support Files/Pods-ToGet/Pods-ToGet.release.xcconfig"; sourceTree = "<group>"; };
		EA3D993C7DDAD3A2F7B6589A /* Pods_ToGetUITests.framework */ = {isa = PBXFileReference; explicitFileType = wrapper.framework; includeInIndex = 0; path = Pods_ToGetUITests.framework; sourceTree = BUILT_PRODUCTS_DIR; };
		F51218D3CC44FCEAFE5A816B /* Pods-ToGetTests.debug.xcconfig */ = {isa = PBXFileReference; includeInIndex = 1; lastKnownFileType = text.xcconfig; name = "Pods-ToGetTests.debug.xcconfig"; path = "Target Support Files/Pods-ToGetTests/Pods-ToGetTests.debug.xcconfig"; sourceTree = "<group>"; };
/* End PBXFileReference section */

/* Begin PBXFrameworksBuildPhase section */
		698A81012224CA4D00A37E02 /* Frameworks */ = {
			isa = PBXFrameworksBuildPhase;
			buildActionMask = 2147483647;
			files = (
				4F3903DA7A51D8340CC3B4F7 /* Pods_ToGet.framework in Frameworks */,
			);
			runOnlyForDeploymentPostprocessing = 0;
		};
		698A81152224CA5400A37E02 /* Frameworks */ = {
			isa = PBXFrameworksBuildPhase;
			buildActionMask = 2147483647;
			files = (
				464FCB0D83D6C0895655137E /* Pods_ToGetTests.framework in Frameworks */,
			);
			runOnlyForDeploymentPostprocessing = 0;
		};
		698A81202224CA5400A37E02 /* Frameworks */ = {
			isa = PBXFrameworksBuildPhase;
			buildActionMask = 2147483647;
			files = (
				957C8CAAF1D98DD9A1C0F8F6 /* Pods_ToGetUITests.framework in Frameworks */,
			);
			runOnlyForDeploymentPostprocessing = 0;
		};
/* End PBXFrameworksBuildPhase section */

/* Begin PBXGroup section */
		5422BAC67C659897017979C9 /* Frameworks */ = {
			isa = PBXGroup;
			children = (
				65BB40BC0A826A546BF19473 /* Pods_ToGet.framework */,
				C4FFBB1AFF352033938CADAF /* Pods_ToGetTests.framework */,
				EA3D993C7DDAD3A2F7B6589A /* Pods_ToGetUITests.framework */,
			);
			name = Frameworks;
			sourceTree = "<group>";
		};
		69314A3F2234AFC800045EEE /* アイコン */ = {
			isa = PBXGroup;
			children = (
				69314A5B2234CAD200045EEE /* セーブ.png */,
				69314A592234CAD100045EEE /* ダウンロード.png */,
				69314A5E2234CAD200045EEE /* チェック.png */,
				69314A602234CAD200045EEE /* チェックシートのアイコン.png */,
				69314A5A2234CAD100045EEE /* チェックボックスのフリーアイコン.png */,
				69314A582234CAD100045EEE /* テキスト.png */,
				69314A5D2234CAD200045EEE /* 光.png */,
				69314A5F2234CAD200045EEE /* 目.png */,
				69314A5C2234CAD200045EEE /* 目オフ.png */,
			);
			path = "アイコン";
			sourceTree = "<group>";
		};
		698A80FB2224CA4D00A37E02 = {
			isa = PBXGroup;
			children = (
				698A81062224CA4D00A37E02 /* ToGet */,
				698A811B2224CA5400A37E02 /* ToGetTests */,
				698A81262224CA5400A37E02 /* ToGetUITests */,
				698A81052224CA4D00A37E02 /* Products */,
				B34018D11DEE25D67916E103 /* Pods */,
				5422BAC67C659897017979C9 /* Frameworks */,
			);
			sourceTree = "<group>";
		};
		698A81052224CA4D00A37E02 /* Products */ = {
			isa = PBXGroup;
			children = (
				698A81042224CA4D00A37E02 /* ToGet.app */,
				698A81182224CA5400A37E02 /* ToGetTests.xctest */,
				698A81232224CA5400A37E02 /* ToGetUITests.xctest */,
			);
			name = Products;
			sourceTree = "<group>";
		};
		698A81062224CA4D00A37E02 /* ToGet */ = {
			isa = PBXGroup;
			children = (
				69314A3F2234AFC800045EEE /* アイコン */,
				698A81072224CA4D00A37E02 /* AppDelegate.swift */,
				698A81372225866200A37E02 /* Realm.swift */,
				698A810B2224CA4D00A37E02 /* Main.storyboard */,
				693149FD22335D7000045EEE /* ViewController.swift */,
				69314A3D2233A8DC00045EEE /* CheckViewController.swift */,
				698A8139222591A800A37E02 /* AddWordViewController.swift */,
				698A81352224CDC800A37E02 /* WordViewController.swift */,
				698A810E2224CA5300A37E02 /* Assets.xcassets */,
				698A81102224CA5300A37E02 /* LaunchScreen.storyboard */,
				698A81132224CA5300A37E02 /* Info.plist */,
			);
			path = ToGet;
			sourceTree = "<group>";
		};
		698A811B2224CA5400A37E02 /* ToGetTests */ = {
			isa = PBXGroup;
			children = (
				698A811C2224CA5400A37E02 /* ToGetTests.swift */,
				698A811E2224CA5400A37E02 /* Info.plist */,
			);
			path = ToGetTests;
			sourceTree = "<group>";
		};
		698A81262224CA5400A37E02 /* ToGetUITests */ = {
			isa = PBXGroup;
			children = (
				698A81272224CA5400A37E02 /* ToGetUITests.swift */,
				698A81292224CA5400A37E02 /* Info.plist */,
			);
			path = ToGetUITests;
			sourceTree = "<group>";
		};
		B34018D11DEE25D67916E103 /* Pods */ = {
			isa = PBXGroup;
			children = (
				D7D18C2DD4FAD2ABD318FDE5 /* Pods-ToGet.debug.xcconfig */,
				DE5E33424DB02B86BAA421C8 /* Pods-ToGet.release.xcconfig */,
				F51218D3CC44FCEAFE5A816B /* Pods-ToGetTests.debug.xcconfig */,
				2403AB7920AA62B51F212C97 /* Pods-ToGetTests.release.xcconfig */,
				DB220B12C1E62CDE139F0B12 /* Pods-ToGetUITests.debug.xcconfig */,
				01DBF98D3680539275DAA99E /* Pods-ToGetUITests.release.xcconfig */,
			);
			path = Pods;
			sourceTree = "<group>";
		};
/* End PBXGroup section */

/* Begin PBXNativeTarget section */
		698A81032224CA4D00A37E02 /* ToGet */ = {
			isa = PBXNativeTarget;
			buildConfigurationList = 698A812C2224CA5400A37E02 /* Build configuration list for PBXNativeTarget "ToGet" */;
			buildPhases = (
				85CD507B9D4E2DE023BED114 /* [CP] Check Pods Manifest.lock */,
				698A81002224CA4D00A37E02 /* Sources */,
				698A81012224CA4D00A37E02 /* Frameworks */,
				698A81022224CA4D00A37E02 /* Resources */,
				D9B12C85CA814FA8CB9237EC /* [CP] Embed Pods Frameworks */,
			);
			buildRules = (
			);
			dependencies = (
			);
			name = ToGet;
			productName = ToGet;
			productReference = 698A81042224CA4D00A37E02 /* ToGet.app */;
			productType = "com.apple.product-type.application";
		};
		698A81172224CA5400A37E02 /* ToGetTests */ = {
			isa = PBXNativeTarget;
			buildConfigurationList = 698A812F2224CA5400A37E02 /* Build configuration list for PBXNativeTarget "ToGetTests" */;
			buildPhases = (
				F4D49F6ECD3D3C076314A8A5 /* [CP] Check Pods Manifest.lock */,
				698A81142224CA5400A37E02 /* Sources */,
				698A81152224CA5400A37E02 /* Frameworks */,
				698A81162224CA5400A37E02 /* Resources */,
			);
			buildRules = (
			);
			dependencies = (
				698A811A2224CA5400A37E02 /* PBXTargetDependency */,
			);
			name = ToGetTests;
			productName = ToGetTests;
			productReference = 698A81182224CA5400A37E02 /* ToGetTests.xctest */;
			productType = "com.apple.product-type.bundle.unit-test";
		};
		698A81222224CA5400A37E02 /* ToGetUITests */ = {
			isa = PBXNativeTarget;
			buildConfigurationList = 698A81322224CA5400A37E02 /* Build configuration list for PBXNativeTarget "ToGetUITests" */;
			buildPhases = (
				6997C17EFF925760F20C0736 /* [CP] Check Pods Manifest.lock */,
				698A811F2224CA5400A37E02 /* Sources */,
				698A81202224CA5400A37E02 /* Frameworks */,
				698A81212224CA5400A37E02 /* Resources */,
			);
			buildRules = (
			);
			dependencies = (
				698A81252224CA5400A37E02 /* PBXTargetDependency */,
			);
			name = ToGetUITests;
			productName = ToGetUITests;
			productReference = 698A81232224CA5400A37E02 /* ToGetUITests.xctest */;
			productType = "com.apple.product-type.bundle.ui-testing";
		};
/* End PBXNativeTarget section */

/* Begin PBXProject section */
		698A80FC2224CA4D00A37E02 /* Project object */ = {
			isa = PBXProject;
			attributes = {
				LastSwiftUpdateCheck = 1010;
				LastUpgradeCheck = 1010;
				ORGANIZATIONNAME = masappe;
				TargetAttributes = {
					698A81032224CA4D00A37E02 = {
						CreatedOnToolsVersion = 10.1;
					};
					698A81172224CA5400A37E02 = {
						CreatedOnToolsVersion = 10.1;
						TestTargetID = 698A81032224CA4D00A37E02;
					};
					698A81222224CA5400A37E02 = {
						CreatedOnToolsVersion = 10.1;
						TestTargetID = 698A81032224CA4D00A37E02;
					};
				};
			};
			buildConfigurationList = 698A80FF2224CA4D00A37E02 /* Build configuration list for PBXProject "ToGet" */;
			compatibilityVersion = "Xcode 9.3";
			developmentRegion = en;
			hasScannedForEncodings = 0;
			knownRegions = (
				en,
				Base,
			);
			mainGroup = 698A80FB2224CA4D00A37E02;
			productRefGroup = 698A81052224CA4D00A37E02 /* Products */;
			projectDirPath = "";
			projectRoot = "";
			targets = (
				698A81032224CA4D00A37E02 /* ToGet */,
				698A81172224CA5400A37E02 /* ToGetTests */,
				698A81222224CA5400A37E02 /* ToGetUITests */,
			);
		};
/* End PBXProject section */

/* Begin PBXResourcesBuildPhase section */
		698A81022224CA4D00A37E02 /* Resources */ = {
			isa = PBXResourcesBuildPhase;
			buildActionMask = 2147483647;
			files = (
				69314A682234CAD200045EEE /* 目.png in Resources */,
				698A81122224CA5300A37E02 /* LaunchScreen.storyboard in Resources */,
				69314A672234CAD200045EEE /* チェック.png in Resources */,
				69314A622234CAD200045EEE /* ダウンロード.png in Resources */,
				698A810F2224CA5300A37E02 /* Assets.xcassets in Resources */,
				69314A642234CAD200045EEE /* セーブ.png in Resources */,
				698A810D2224CA4D00A37E02 /* Main.storyboard in Resources */,
				69314A632234CAD200045EEE /* チェックボックスのフリーアイコン.png in Resources */,
				69314A662234CAD200045EEE /* 光.png in Resources */,
				69314A612234CAD200045EEE /* テキスト.png in Resources */,
				69314A692234CAD200045EEE /* チェックシートのアイコン.png in Resources */,
				69314A652234CAD200045EEE /* 目オフ.png in Resources */,
			);
			runOnlyForDeploymentPostprocessing = 0;
		};
		698A81162224CA5400A37E02 /* Resources */ = {
			isa = PBXResourcesBuildPhase;
			buildActionMask = 2147483647;
			files = (
			);
			runOnlyForDeploymentPostprocessing = 0;
		};
		698A81212224CA5400A37E02 /* Resources */ = {
			isa = PBXResourcesBuildPhase;
			buildActionMask = 2147483647;
			files = (
			);
			runOnlyForDeploymentPostprocessing = 0;
		};
/* End PBXResourcesBuildPhase section */

/* Begin PBXShellScriptBuildPhase section */
		6997C17EFF925760F20C0736 /* [CP] Check Pods Manifest.lock */ = {
			isa = PBXShellScriptBuildPhase;
			buildActionMask = 2147483647;
			files = (
			);
			inputFileListPaths = (
			);
			inputPaths = (
				"${PODS_PODFILE_DIR_PATH}/Podfile.lock",
				"${PODS_ROOT}/Manifest.lock",
			);
			name = "[CP] Check Pods Manifest.lock";
			outputFileListPaths = (
			);
			outputPaths = (
				"$(DERIVED_FILE_DIR)/Pods-ToGetUITests-checkManifestLockResult.txt",
			);
			runOnlyForDeploymentPostprocessing = 0;
			shellPath = /bin/sh;
			shellScript = "diff \"${PODS_PODFILE_DIR_PATH}/Podfile.lock\" \"${PODS_ROOT}/Manifest.lock\" > /dev/null\nif [ $? != 0 ] ; then\n    # print error to STDERR\n    echo \"error: The sandbox is not in sync with the Podfile.lock. Run 'pod install' or update your CocoaPods installation.\" >&2\n    exit 1\nfi\n# This output is used by Xcode 'outputs' to avoid re-running this script phase.\necho \"SUCCESS\" > \"${SCRIPT_OUTPUT_FILE_0}\"\n";
			showEnvVarsInLog = 0;
		};
		85CD507B9D4E2DE023BED114 /* [CP] Check Pods Manifest.lock */ = {
			isa = PBXShellScriptBuildPhase;
			buildActionMask = 2147483647;
			files = (
			);
			inputFileListPaths = (
			);
			inputPaths = (
				"${PODS_PODFILE_DIR_PATH}/Podfile.lock",
				"${PODS_ROOT}/Manifest.lock",
			);
			name = "[CP] Check Pods Manifest.lock";
			outputFileListPaths = (
			);
			outputPaths = (
				"$(DERIVED_FILE_DIR)/Pods-ToGet-checkManifestLockResult.txt",
			);
			runOnlyForDeploymentPostprocessing = 0;
			shellPath = /bin/sh;
			shellScript = "diff \"${PODS_PODFILE_DIR_PATH}/Podfile.lock\" \"${PODS_ROOT}/Manifest.lock\" > /dev/null\nif [ $? != 0 ] ; then\n    # print error to STDERR\n    echo \"error: The sandbox is not in sync with the Podfile.lock. Run 'pod install' or update your CocoaPods installation.\" >&2\n    exit 1\nfi\n# This output is used by Xcode 'outputs' to avoid re-running this script phase.\necho \"SUCCESS\" > \"${SCRIPT_OUTPUT_FILE_0}\"\n";
			showEnvVarsInLog = 0;
		};
		D9B12C85CA814FA8CB9237EC /* [CP] Embed Pods Frameworks */ = {
			isa = PBXShellScriptBuildPhase;
			buildActionMask = 2147483647;
			files = (
			);
			inputFileListPaths = (
			);
			inputPaths = (
				"${PODS_ROOT}/Target Support Files/Pods-ToGet/Pods-ToGet-frameworks.sh",
				"${BUILT_PRODUCTS_DIR}/Alamofire/Alamofire.framework",
				"${BUILT_PRODUCTS_DIR}/IQKeyboardManagerSwift/IQKeyboardManagerSwift.framework",
				"${BUILT_PRODUCTS_DIR}/Realm/Realm.framework",
				"${BUILT_PRODUCTS_DIR}/RealmSwift/RealmSwift.framework",
				"${BUILT_PRODUCTS_DIR}/SwiftyJSON/SwiftyJSON.framework",
			);
			name = "[CP] Embed Pods Frameworks";
			outputFileListPaths = (
			);
			outputPaths = (
				"${TARGET_BUILD_DIR}/${FRAMEWORKS_FOLDER_PATH}/Alamofire.framework",
				"${TARGET_BUILD_DIR}/${FRAMEWORKS_FOLDER_PATH}/IQKeyboardManagerSwift.framework",
				"${TARGET_BUILD_DIR}/${FRAMEWORKS_FOLDER_PATH}/Realm.framework",
				"${TARGET_BUILD_DIR}/${FRAMEWORKS_FOLDER_PATH}/RealmSwift.framework",
				"${TARGET_BUILD_DIR}/${FRAMEWORKS_FOLDER_PATH}/SwiftyJSON.framework",
			);
			runOnlyForDeploymentPostprocessing = 0;
			shellPath = /bin/sh;
			shellScript = "\"${PODS_ROOT}/Target Support Files/Pods-ToGet/Pods-ToGet-frameworks.sh\"\n";
			showEnvVarsInLog = 0;
		};
		F4D49F6ECD3D3C076314A8A5 /* [CP] Check Pods Manifest.lock */ = {
			isa = PBXShellScriptBuildPhase;
			buildActionMask = 2147483647;
			files = (
			);
			inputFileListPaths = (
			);
			inputPaths = (
				"${PODS_PODFILE_DIR_PATH}/Podfile.lock",
				"${PODS_ROOT}/Manifest.lock",
			);
			name = "[CP] Check Pods Manifest.lock";
			outputFileListPaths = (
			);
			outputPaths = (
				"$(DERIVED_FILE_DIR)/Pods-ToGetTests-checkManifestLockResult.txt",
			);
			runOnlyForDeploymentPostprocessing = 0;
			shellPath = /bin/sh;
			shellScript = "diff \"${PODS_PODFILE_DIR_PATH}/Podfile.lock\" \"${PODS_ROOT}/Manifest.lock\" > /dev/null\nif [ $? != 0 ] ; then\n    # print error to STDERR\n    echo \"error: The sandbox is not in sync with the Podfile.lock. Run 'pod install' or update your CocoaPods installation.\" >&2\n    exit 1\nfi\n# This output is used by Xcode 'outputs' to avoid re-running this script phase.\necho \"SUCCESS\" > \"${SCRIPT_OUTPUT_FILE_0}\"\n";
			showEnvVarsInLog = 0;
		};
/* End PBXShellScriptBuildPhase section */

/* Begin PBXSourcesBuildPhase section */
		698A81002224CA4D00A37E02 /* Sources */ = {
			isa = PBXSourcesBuildPhase;
			buildActionMask = 2147483647;
			files = (
				693149FE22335D7000045EEE /* ViewController.swift in Sources */,
				698A813A222591A800A37E02 /* AddWordViewController.swift in Sources */,
				698A81362224CDC800A37E02 /* WordViewController.swift in Sources */,
				69314A3E2233A8DC00045EEE /* CheckViewController.swift in Sources */,
				698A81082224CA4D00A37E02 /* AppDelegate.swift in Sources */,
				698A81382225866200A37E02 /* Realm.swift in Sources */,
			);
			runOnlyForDeploymentPostprocessing = 0;
		};
		698A81142224CA5400A37E02 /* Sources */ = {
			isa = PBXSourcesBuildPhase;
			buildActionMask = 2147483647;
			files = (
				698A811D2224CA5400A37E02 /* ToGetTests.swift in Sources */,
			);
			runOnlyForDeploymentPostprocessing = 0;
		};
		698A811F2224CA5400A37E02 /* Sources */ = {
			isa = PBXSourcesBuildPhase;
			buildActionMask = 2147483647;
			files = (
				698A81282224CA5400A37E02 /* ToGetUITests.swift in Sources */,
			);
			runOnlyForDeploymentPostprocessing = 0;
		};
/* End PBXSourcesBuildPhase section */

/* Begin PBXTargetDependency section */
		698A811A2224CA5400A37E02 /* PBXTargetDependency */ = {
			isa = PBXTargetDependency;
			target = 698A81032224CA4D00A37E02 /* ToGet */;
			targetProxy = 698A81192224CA5400A37E02 /* PBXContainerItemProxy */;
		};
		698A81252224CA5400A37E02 /* PBXTargetDependency */ = {
			isa = PBXTargetDependency;
			target = 698A81032224CA4D00A37E02 /* ToGet */;
			targetProxy = 698A81242224CA5400A37E02 /* PBXContainerItemProxy */;
		};
/* End PBXTargetDependency section */

/* Begin PBXVariantGroup section */
		698A810B2224CA4D00A37E02 /* Main.storyboard */ = {
			isa = PBXVariantGroup;
			children = (
				698A810C2224CA4D00A37E02 /* Base */,
			);
			name = Main.storyboard;
			sourceTree = "<group>";
		};
		698A81102224CA5300A37E02 /* LaunchScreen.storyboard */ = {
			isa = PBXVariantGroup;
			children = (
				698A81112224CA5300A37E02 /* Base */,
			);
			name = LaunchScreen.storyboard;
			sourceTree = "<group>";
		};
/* End PBXVariantGroup section */

/* Begin XCBuildConfiguration section */
		698A812A2224CA5400A37E02 /* Debug */ = {
			isa = XCBuildConfiguration;
			buildSettings = {
				ALWAYS_SEARCH_USER_PATHS = NO;
				CLANG_ANALYZER_NONNULL = YES;
				CLANG_ANALYZER_NUMBER_OBJECT_CONVERSION = YES_AGGRESSIVE;
				CLANG_CXX_LANGUAGE_STANDARD = "gnu++14";
				CLANG_CXX_LIBRARY = "libc++";
				CLANG_ENABLE_MODULES = YES;
				CLANG_ENABLE_OBJC_ARC = YES;
				CLANG_ENABLE_OBJC_WEAK = YES;
				CLANG_WARN_BLOCK_CAPTURE_AUTORELEASING = YES;
				CLANG_WARN_BOOL_CONVERSION = YES;
				CLANG_WARN_COMMA = YES;
				CLANG_WARN_CONSTANT_CONVERSION = YES;
				CLANG_WARN_DEPRECATED_OBJC_IMPLEMENTATIONS = YES;
				CLANG_WARN_DIRECT_OBJC_ISA_USAGE = YES_ERROR;
				CLANG_WARN_DOCUMENTATION_COMMENTS = YES;
				CLANG_WARN_EMPTY_BODY = YES;
				CLANG_WARN_ENUM_CONVERSION = YES;
				CLANG_WARN_INFINITE_RECURSION = YES;
				CLANG_WARN_INT_CONVERSION = YES;
				CLANG_WARN_NON_LITERAL_NULL_CONVERSION = YES;
				CLANG_WARN_OBJC_IMPLICIT_RETAIN_SELF = YES;
				CLANG_WARN_OBJC_LITERAL_CONVERSION = YES;
				CLANG_WARN_OBJC_ROOT_CLASS = YES_ERROR;
				CLANG_WARN_RANGE_LOOP_ANALYSIS = YES;
				CLANG_WARN_STRICT_PROTOTYPES = YES;
				CLANG_WARN_SUSPICIOUS_MOVE = YES;
				CLANG_WARN_UNGUARDED_AVAILABILITY = YES_AGGRESSIVE;
				CLANG_WARN_UNREACHABLE_CODE = YES;
				CLANG_WARN__DUPLICATE_METHOD_MATCH = YES;
				CODE_SIGN_IDENTITY = "iPhone Developer";
				COPY_PHASE_STRIP = NO;
				DEBUG_INFORMATION_FORMAT = dwarf;
				ENABLE_STRICT_OBJC_MSGSEND = YES;
				ENABLE_TESTABILITY = YES;
				GCC_C_LANGUAGE_STANDARD = gnu11;
				GCC_DYNAMIC_NO_PIC = NO;
				GCC_NO_COMMON_BLOCKS = YES;
				GCC_OPTIMIZATION_LEVEL = 0;
				GCC_PREPROCESSOR_DEFINITIONS = (
					"DEBUG=1",
					"$(inherited)",
				);
				GCC_WARN_64_TO_32_BIT_CONVERSION = YES;
				GCC_WARN_ABOUT_RETURN_TYPE = YES_ERROR;
				GCC_WARN_UNDECLARED_SELECTOR = YES;
				GCC_WARN_UNINITIALIZED_AUTOS = YES_AGGRESSIVE;
				GCC_WARN_UNUSED_FUNCTION = YES;
				GCC_WARN_UNUSED_VARIABLE = YES;
				IPHONEOS_DEPLOYMENT_TARGET = 12.1;
				MTL_ENABLE_DEBUG_INFO = INCLUDE_SOURCE;
				MTL_FAST_MATH = YES;
				ONLY_ACTIVE_ARCH = YES;
				SDKROOT = iphoneos;
				SWIFT_ACTIVE_COMPILATION_CONDITIONS = DEBUG;
				SWIFT_OPTIMIZATION_LEVEL = "-Onone";
			};
			name = Debug;
		};
		698A812B2224CA5400A37E02 /* Release */ = {
			isa = XCBuildConfiguration;
			buildSettings = {
				ALWAYS_SEARCH_USER_PATHS = NO;
				CLANG_ANALYZER_NONNULL = YES;
				CLANG_ANALYZER_NUMBER_OBJECT_CONVERSION = YES_AGGRESSIVE;
				CLANG_CXX_LANGUAGE_STANDARD = "gnu++14";
				CLANG_CXX_LIBRARY = "libc++";
				CLANG_ENABLE_MODULES = YES;
				CLANG_ENABLE_OBJC_ARC = YES;
				CLANG_ENABLE_OBJC_WEAK = YES;
				CLANG_WARN_BLOCK_CAPTURE_AUTORELEASING = YES;
				CLANG_WARN_BOOL_CONVERSION = YES;
				CLANG_WARN_COMMA = YES;
				CLANG_WARN_CONSTANT_CONVERSION = YES;
				CLANG_WARN_DEPRECATED_OBJC_IMPLEMENTATIONS = YES;
				CLANG_WARN_DIRECT_OBJC_ISA_USAGE = YES_ERROR;
				CLANG_WARN_DOCUMENTATION_COMMENTS = YES;
				CLANG_WARN_EMPTY_BODY = YES;
				CLANG_WARN_ENUM_CONVERSION = YES;
				CLANG_WARN_INFINITE_RECURSION = YES;
				CLANG_WARN_INT_CONVERSION = YES;
				CLANG_WARN_NON_LITERAL_NULL_CONVERSION = YES;
				CLANG_WARN_OBJC_IMPLICIT_RETAIN_SELF = YES;
				CLANG_WARN_OBJC_LITERAL_CONVERSION = YES;
				CLANG_WARN_OBJC_ROOT_CLASS = YES_ERROR;
				CLANG_WARN_RANGE_LOOP_ANALYSIS = YES;
				CLANG_WARN_STRICT_PROTOTYPES = YES;
				CLANG_WARN_SUSPICIOUS_MOVE = YES;
				CLANG_WARN_UNGUARDED_AVAILABILITY = YES_AGGRESSIVE;
				CLANG_WARN_UNREACHABLE_CODE = YES;
				CLANG_WARN__DUPLICATE_METHOD_MATCH = YES;
				CODE_SIGN_IDENTITY = "iPhone Developer";
				COPY_PHASE_STRIP = NO;
				DEBUG_INFORMATION_FORMAT = "dwarf-with-dsym";
				ENABLE_NS_ASSERTIONS = NO;
				ENABLE_STRICT_OBJC_MSGSEND = YES;
				GCC_C_LANGUAGE_STANDARD = gnu11;
				GCC_NO_COMMON_BLOCKS = YES;
				GCC_WARN_64_TO_32_BIT_CONVERSION = YES;
				GCC_WARN_ABOUT_RETURN_TYPE = YES_ERROR;
				GCC_WARN_UNDECLARED_SELECTOR = YES;
				GCC_WARN_UNINITIALIZED_AUTOS = YES_AGGRESSIVE;
				GCC_WARN_UNUSED_FUNCTION = YES;
				GCC_WARN_UNUSED_VARIABLE = YES;
				IPHONEOS_DEPLOYMENT_TARGET = 12.1;
				MTL_ENABLE_DEBUG_INFO = NO;
				MTL_FAST_MATH = YES;
				SDKROOT = iphoneos;
				SWIFT_COMPILATION_MODE = wholemodule;
				SWIFT_OPTIMIZATION_LEVEL = "-O";
				VALIDATE_PRODUCT = YES;
			};
			name = Release;
		};
		698A812D2224CA5400A37E02 /* Debug */ = {
			isa = XCBuildConfiguration;
			baseConfigurationReference = D7D18C2DD4FAD2ABD318FDE5 /* Pods-ToGet.debug.xcconfig */;
			buildSettings = {
				ASSETCATALOG_COMPILER_APPICON_NAME = AppIcon;
				CODE_SIGN_STYLE = Automatic;
				DEVELOPMENT_TEAM = AT3Z7H99FC;
				INFOPLIST_FILE = ToGet/Info.plist;
				LD_RUNPATH_SEARCH_PATHS = (
					"$(inherited)",
					"@executable_path/Frameworks",
				);
				PRODUCT_BUNDLE_IDENTIFIER = jp.litswift.ToGet;
				PRODUCT_NAME = "$(TARGET_NAME)";
				SWIFT_VERSION = 4.2;
				TARGETED_DEVICE_FAMILY = "1,2";
			};
			name = Debug;
		};
		698A812E2224CA5400A37E02 /* Release */ = {
			isa = XCBuildConfiguration;
			baseConfigurationReference = DE5E33424DB02B86BAA421C8 /* Pods-ToGet.release.xcconfig */;
			buildSettings = {
				ASSETCATALOG_COMPILER_APPICON_NAME = AppIcon;
				CODE_SIGN_STYLE = Automatic;
				DEVELOPMENT_TEAM = AT3Z7H99FC;
				INFOPLIST_FILE = ToGet/Info.plist;
				LD_RUNPATH_SEARCH_PATHS = (
					"$(inherited)",
					"@executable_path/Frameworks",
				);
				PRODUCT_BUNDLE_IDENTIFIER = jp.litswift.ToGet;
				PRODUCT_NAME = "$(TARGET_NAME)";
				SWIFT_VERSION = 4.2;
				TARGETED_DEVICE_FAMILY = "1,2";
			};
			name = Release;
		};
		698A81302224CA5400A37E02 /* Debug */ = {
			isa = XCBuildConfiguration;
			baseConfigurationReference = F51218D3CC44FCEAFE5A816B /* Pods-ToGetTests.debug.xcconfig */;
			buildSettings = {
				ALWAYS_EMBED_SWIFT_STANDARD_LIBRARIES = YES;
				BUNDLE_LOADER = "$(TEST_HOST)";
				CODE_SIGN_STYLE = Automatic;
				DEVELOPMENT_TEAM = AT3Z7H99FC;
				INFOPLIST_FILE = ToGetTests/Info.plist;
				LD_RUNPATH_SEARCH_PATHS = (
					"$(inherited)",
					"@executable_path/Frameworks",
					"@loader_path/Frameworks",
				);
				PRODUCT_BUNDLE_IDENTIFIER = jp.litswift.ToGetTests;
				PRODUCT_NAME = "$(TARGET_NAME)";
				SWIFT_VERSION = 4.2;
				TARGETED_DEVICE_FAMILY = "1,2";
				TEST_HOST = "$(BUILT_PRODUCTS_DIR)/ToGet.app/ToGet";
			};
			name = Debug;
		};
		698A81312224CA5400A37E02 /* Release */ = {
			isa = XCBuildConfiguration;
			baseConfigurationReference = 2403AB7920AA62B51F212C97 /* Pods-ToGetTests.release.xcconfig */;
			buildSettings = {
				ALWAYS_EMBED_SWIFT_STANDARD_LIBRARIES = YES;
				BUNDLE_LOADER = "$(TEST_HOST)";
				CODE_SIGN_STYLE = Automatic;
				DEVELOPMENT_TEAM = AT3Z7H99FC;
				INFOPLIST_FILE = ToGetTests/Info.plist;
				LD_RUNPATH_SEARCH_PATHS = (
					"$(inherited)",
					"@executable_path/Frameworks",
					"@loader_path/Frameworks",
				);
				PRODUCT_BUNDLE_IDENTIFIER = jp.litswift.ToGetTests;
				PRODUCT_NAME = "$(TARGET_NAME)";
				SWIFT_VERSION = 4.2;
				TARGETED_DEVICE_FAMILY = "1,2";
				TEST_HOST = "$(BUILT_PRODUCTS_DIR)/ToGet.app/ToGet";
			};
			name = Release;
		};
		698A81332224CA5400A37E02 /* Debug */ = {
			isa = XCBuildConfiguration;
			baseConfigurationReference = DB220B12C1E62CDE139F0B12 /* Pods-ToGetUITests.debug.xcconfig */;
			buildSettings = {
				ALWAYS_EMBED_SWIFT_STANDARD_LIBRARIES = YES;
				CODE_SIGN_STYLE = Automatic;
				DEVELOPMENT_TEAM = AT3Z7H99FC;
				INFOPLIST_FILE = ToGetUITests/Info.plist;
				LD_RUNPATH_SEARCH_PATHS = (
					"$(inherited)",
					"@executable_path/Frameworks",
					"@loader_path/Frameworks",
				);
				PRODUCT_BUNDLE_IDENTIFIER = jp.litswift.ToGetUITests;
				PRODUCT_NAME = "$(TARGET_NAME)";
				SWIFT_VERSION = 4.2;
				TARGETED_DEVICE_FAMILY = "1,2";
				TEST_TARGET_NAME = ToGet;
			};
			name = Debug;
		};
		698A81342224CA5400A37E02 /* Release */ = {
			isa = XCBuildConfiguration;
			baseConfigurationReference = 01DBF98D3680539275DAA99E /* Pods-ToGetUITests.release.xcconfig */;
			buildSettings = {
				ALWAYS_EMBED_SWIFT_STANDARD_LIBRARIES = YES;
				CODE_SIGN_STYLE = Automatic;
				DEVELOPMENT_TEAM = AT3Z7H99FC;
				INFOPLIST_FILE = ToGetUITests/Info.plist;
				LD_RUNPATH_SEARCH_PATHS = (
					"$(inherited)",
					"@executable_path/Frameworks",
					"@loader_path/Frameworks",
				);
				PRODUCT_BUNDLE_IDENTIFIER = jp.litswift.ToGetUITests;
				PRODUCT_NAME = "$(TARGET_NAME)";
				SWIFT_VERSION = 4.2;
				TARGETED_DEVICE_FAMILY = "1,2";
				TEST_TARGET_NAME = ToGet;
			};
			name = Release;
		};
/* End XCBuildConfiguration section */

/* Begin XCConfigurationList section */
		698A80FF2224CA4D00A37E02 /* Build configuration list for PBXProject "ToGet" */ = {
			isa = XCConfigurationList;
			buildConfigurations = (
				698A812A2224CA5400A37E02 /* Debug */,
				698A812B2224CA5400A37E02 /* Release */,
			);
			defaultConfigurationIsVisible = 0;
			defaultConfigurationName = Release;
		};
		698A812C2224CA5400A37E02 /* Build configuration list for PBXNativeTarget "ToGet" */ = {
			isa = XCConfigurationList;
			buildConfigurations = (
				698A812D2224CA5400A37E02 /* Debug */,
				698A812E2224CA5400A37E02 /* Release */,
			);
			defaultConfigurationIsVisible = 0;
			defaultConfigurationName = Release;
		};
		698A812F2224CA5400A37E02 /* Build configuration list for PBXNativeTarget "ToGetTests" */ = {
			isa = XCConfigurationList;
			buildConfigurations = (
				698A81302224CA5400A37E02 /* Debug */,
				698A81312224CA5400A37E02 /* Release */,
			);
			defaultConfigurationIsVisible = 0;
			defaultConfigurationName = Release;
		};
		698A81322224CA5400A37E02 /* Build configuration list for PBXNativeTarget "ToGetUITests" */ = {
			isa = XCConfigurationList;
			buildConfigurations = (
				698A81332224CA5400A37E02 /* Debug */,
				698A81342224CA5400A37E02 /* Release */,
			);
			defaultConfigurationIsVisible = 0;
			defaultConfigurationName = Release;
		};
/* End XCConfigurationList section */
	};
	rootObject = 698A80FC2224CA4D00A37E02 /* Project object */;
}
